PODS:
  - Flutter (1.0.0)
  - mx_json (0.0.1):
    - Flutter

DEPENDENCIES:
  - Flutter (from `.symlinks/flutter/ios`)
  - mx_json (from `.symlinks/plugins/mx_json/ios`)

EXTERNAL SOURCES:
  Flutter:
    :path: ".symlinks/flutter/ios"
  mx_json:
    :path: ".symlinks/plugins/mx_json/ios"

SPEC CHECKSUMS:
  Flutter: 0e3d915762c693b495b44d77113d4970485de6ec
  mx_json: 16a866a69c92aa2394823cd6cd74eb996930d2e8

PODFILE CHECKSUM: b6a0a141693093b304368d08511b46cf3d1d0ac5

COCOAPODS: 1.8.4
